// !$*UTF8*$!
{
	archiveVersion = 1;
	classes = {
	};
	objectVersion = 77;
	objects = {

/* Begin PBXContainerItemProxy section */
		69D399B32F22B9CE004A8F6D /* PBXContainerItemProxy */ = {
			isa = PBXContainerItemProxy;
			containerPortal = 69D3999D2F22B9CC004A8F6D /* Project object */;
			proxyType = 1;
			remoteGlobalIDString = 69D399A42F22B9CC004A8F6D;
			remoteInfo = StarWarsMVVM;
		};
		69D399BD2F22B9CE004A8F6D /* PBXContainerItemProxy */ = {
			isa = PBXContainerItemProxy;
			containerPortal = 69D3999D2F22B9CC004A8F6D /* Project object */;
			proxyType = 1;
			remoteGlobalIDString = 69D399A42F22B9CC004A8F6D;
			remoteInfo = StarWarsMVVM;
		};
/* End PBXContainerItemProxy section */

/* Begin PBXFileReference section */
		69D399A52F22B9CC004A8F6D /* StarWarsMVVM.app */ = {isa = PBXFileReference; explicitFileType = wrapper.application; includeInIndex = 0; path = StarWarsMVVM.app; sourceTree = BUILT_PRODUCTS_DIR; };
		69D399B22F22B9CE004A8F6D /* StarWarsMVVMTests.xctest */ = {isa = PBXFileReference; explicitFileType = wrapper.cfbundle; includeInIndex = 0; path = StarWarsMVVMTests.xctest; sourceTree = BUILT_PRODUCTS_DIR; };
		69D399BC2F22B9CE004A8F6D /* StarWarsMVVMUITests.xctest */ = {isa = PBXFileReference; explicitFileType = wrapper.cfbundle; includeInIndex = 0; path = StarWarsMVVMUITests.xctest; sourceTree = BUILT_PRODUCTS_DIR; };
/* End PBXFileReference section */

/* Begin PBXFileSystemSynchronizedRootGroup section */
		69D399A72F22B9CC004A8F6D /* StarWarsMVVM */ = {
			isa = PBXFileSystemSynchronizedRootGroup;
			path = StarWarsMVVM;
			sourceTree = "<group>";
		};
		69D399B52F22B9CE004A8F6D /* StarWarsMVVMTests */ = {
			isa = PBXFileSystemSynchronizedRootGroup;
			path = StarWarsMVVMTests;
			sourceTree = "<group>";
		};
		69D399BF2F22B9CE004A8F6D /* StarWarsMVVMUITests */ = {
			isa = PBXFileSystemSynchronizedRootGroup;
			path = StarWarsMVVMUITests;
			sourceTree = "<group>";
		};
/* End PBXFileSystemSynchronizedRootGroup section */

/* Begin PBXFrameworksBuildPhase section */
		69D399A22F22B9CC004A8F6D /* Frameworks */ = {
			isa = PBXFrameworksBuildPhase;
			buildActionMask = 2147483647;
			files = (
			);
			runOnlyForDeploymentPostprocessing = 0;
		};
		69D399AF2F22B9CE004A8F6D /* Frameworks */ = {
			isa = PBXFrameworksBuildPhase;
			buildActionMask = 2147483647;
			files = (
			);
			runOnlyForDeploymentPostprocessing = 0;
		};
		69D399B92F22B9CE004A8F6D /* Frameworks */ = {
			isa = PBXFrameworksBuildPhase;
			buildActionMask = 2147483647;
			files = (
			);
			runOnlyForDeploymentPostprocessing = 0;
		};
/* End PBXFrameworksBuildPhase section */

/* Begin PBXGroup section */
		69D3999C2F22B9CC004A8F6D = {
			isa = PBXGroup;
			children = (
				69D399A72F22B9CC004A8F6D /* StarWarsMVVM */,
				69D399B52F22B9CE004A8F6D /* StarWarsMVVMTests */,
				69D399BF2F22B9CE004A8F6D /* StarWarsMVVMUITests */,
				69D399A62F22B9CC004A8F6D /* Products */,
			);
			sourceTree = "<group>";
		};
		69D399A62F22B9CC004A8F6D /* Products */ = {
			isa = PBXGroup;
			children = (
				69D399A52F22B9CC004A8F6D /* StarWarsMVVM.app */,
				69D399B22F22B9CE004A8F6D /* StarWarsMVVMTests.xctest */,
				69D399BC2F22B9CE004A8F6D /* StarWarsMVVMUITests.xctest */,
			);
			name = Products;
			sourceTree = "<group>";
		};
/* End PBXGroup section */

/* Begin PBXNativeTarget section */
		69D399A42F22B9CC004A8F6D /* StarWarsMVVM */ = {
			isa = PBXNativeTarget;
			buildConfigurationList = 69D399C62F22B9CE004A8F6D /* Build configuration list for PBXNativeTarget "StarWarsMVVM" */;
			buildPhases = (
				69D399A12F22B9CC004A8F6D /* Sources */,
				69D399A22F22B9CC004A8F6D /* Frameworks */,
				69D399A32F22B9CC004A8F6D /* Resources */,
			);
			buildRules = (
			);
			dependencies = (
			);
			fileSystemSynchronizedGroups = (
				69D399A72F22B9CC004A8F6D /* StarWarsMVVM */,
			);
			name = StarWarsMVVM;
			packageProductDependencies = (
			);
			productName = StarWarsMVVM;
			productReference = 69D399A52F22B9CC004A8F6D /* StarWarsMVVM.app */;
			productType = "com.apple.product-type.application";
		};
		69D399B12F22B9CE004A8F6D /* StarWarsMVVMTests */ = {
			isa = PBXNativeTarget;
			buildConfigurationList = 69D399C92F22B9CE004A8F6D /* Build configuration list for PBXNativeTarget "StarWarsMVVMTests" */;
			buildPhases = (
				69D399AE2F22B9CE004A8F6D /* Sources */,
				69D399AF2F22B9CE004A8F6D /* Frameworks */,
				69D399B02F22B9CE004A8F6D /* Resources */,
			);
			buildRules = (
			);
			dependencies = (
				69D399B42F22B9CE004A8F6D /* PBXTargetDependency */,
			);
			fileSystemSynchronizedGroups = (
				69D399B52F22B9CE004A8F6D /* StarWarsMVVMTests */,
			);
			name = StarWarsMVVMTests;
			packageProductDependencies = (
			);
			productName = StarWarsMVVMTests;
			productReference = 69D399B22F22B9CE004A8F6D /* StarWarsMVVMTests.xctest */;
			productType = "com.apple.product-type.bundle.unit-test";
		};
		69D399BB2F22B9CE004A8F6D /* StarWarsMVVMUITests */ = {
			isa = PBXNativeTarget;
			buildConfigurationList = 69D399CC2F22B9CE004A8F6D /* Build configuration list for PBXNativeTarget "StarWarsMVVMUITests" */;
			buildPhases = (
				69D399B82F22B9CE004A8F6D /* Sources */,
				69D399B92F22B9CE004A8F6D /* Frameworks */,
				69D399BA2F22B9CE004A8F6D /* Resources */,
			);
			buildRules = (
			);
			dependencies = (
				69D399BE2F22B9CE004A8F6D /* PBXTargetDependency */,
			);
			fileSystemSynchronizedGroups = (
				69D399BF2F22B9CE004A8F6D /* StarWarsMVVMUITests */,
			);
			name = StarWarsMVVMUITests;
			packageProductDependencies = (
			);
			productName = StarWarsMVVMUITests;
			productReference = 69D399BC2F22B9CE004A8F6D /* StarWarsMVVMUITests.xctest */;
			productType = "com.apple.product-type.bundle.ui-testing";
		};
/* End PBXNativeTarget section */

/* Begin PBXProject section */
		69D3999D2F22B9CC004A8F6D /* Project object */ = {
			isa = PBXProject;
			attributes = {
				BuildIndependentTargetsInParallel = 1;
				LastSwiftUpdateCheck = 2620;
				LastUpgradeCheck = 2620;
				TargetAttributes = {
					69D399A42F22B9CC004A8F6D = {
						CreatedOnToolsVersion = 26.2;
					};
					69D399B12F22B9CE004A8F6D = {
						CreatedOnToolsVersion = 26.2;
						TestTargetID = 69D399A42F22B9CC004A8F6D;
					};
					69D399BB2F22B9CE004A8F6D = {
						CreatedOnToolsVersion = 26.2;
						TestTargetID = 69D399A42F22B9CC004A8F6D;
					};
				};
			};
			buildConfigurationList = 69D399A02F22B9CC004A8F6D /* Build configuration list for PBXProject "StarWarsMVVM" */;
			developmentRegion = en;
			hasScannedForEncodings = 0;
			knownRegions = (
				en,
				Base,
			);
			mainGroup = 69D3999C2F22B9CC004A8F6D;
			minimizedProjectReferenceProxies = 1;
			preferredProjectObjectVersion = 77;
			productRefGroup = 69D399A62F22B9CC004A8F6D /* Products */;
			projectDirPath = "";
			projectRoot = "";
			targets = (
				69D399A42F22B9CC004A8F6D /* StarWarsMVVM */,
				69D399B12F22B9CE004A8F6D /* StarWarsMVVMTests */,
				69D399BB2F22B9CE004A8F6D /* StarWarsMVVMUITests */,
			);
		};
/* End PBXProject section */

/* Begin PBXResourcesBuildPhase section */
		69D399A32F22B9CC004A8F6D /* Resources */ = {
			isa = PBXResourcesBuildPhase;
			buildActionMask = 2147483647;
			files = (
			);
			runOnlyForDeploymentPostprocessing = 0;
		};
		69D399B02F22B9CE004A8F6D /* Resources */ = {
			isa = PBXResourcesBuildPhase;
			buildActionMask = 2147483647;
			files = (
			);
			runOnlyForDeploymentPostprocessing = 0;
		};
		69D399BA2F22B9CE004A8F6D /* Resources */ = {
			isa = PBXResourcesBuildPhase;
			buildActionMask = 2147483647;
			files = (
			);
			runOnlyForDeploymentPostprocessing = 0;
		};
/* End PBXResourcesBuildPhase section */

/* Begin PBXSourcesBuildPhase section */
		69D399A12F22B9CC004A8F6D /* Sources */ = {
			isa = PBXSourcesBuildPhase;
			buildActionMask = 2147483647;
			files = (
			);
			runOnlyForDeploymentPostprocessing = 0;
		};
		69D399AE2F22B9CE004A8F6D /* Sources */ = {
			isa = PBXSourcesBuildPhase;
			buildActionMask = 2147483647;
			files = (
			);
			runOnlyForDeploymentPostprocessing = 0;
		};
		69D399B82F22B9CE004A8F6D /* Sources */ = {
			isa = PBXSourcesBuildPhase;
			buildActionMask = 2147483647;
			files = (
			);
			runOnlyForDeploymentPostprocessing = 0;
		};
/* End PBXSourcesBuildPhase section */

/* Begin PBXTargetDependency section */
		69D399B42F22B9CE004A8F6D /* PBXTargetDependency */ = {
			isa = PBXTargetDependency;
			target = 69D399A42F22B9CC004A8F6D /* StarWarsMVVM */;
			targetProxy = 69D399B32F22B9CE004A8F6D /* PBXContainerItemProxy */;
		};
		69D399BE2F22B9CE004A8F6D /* PBXTargetDependency */ = {
			isa = PBXTargetDependency;
			target = 69D399A42F22B9CC004A8F6D /* StarWarsMVVM */;
			targetProxy = 69D399BD2F22B9CE004A8F6D /* PBXContainerItemProxy */;
		};
/* End PBXTargetDependency section */

/* Begin XCBuildConfiguration section */
		69D399C42F22B9CE004A8F6D /* Debug */ = {
			isa = XCBuildConfiguration;
			buildSettings = {
				ALWAYS_SEARCH_USER_PATHS = NO;
				ASSETCATALOG_COMPILER_GENERATE_SWIFT_ASSET_SYMBOL_EXTENSIONS = YES;
				CLANG_ANALYZER_NONNULL = YES;
				CLANG_ANALYZER_NUMBER_OBJECT_CONVERSION = YES_AGGRESSIVE;
				CLANG_CXX_LANGUAGE_STANDARD = "gnu++20";
				CLANG_ENABLE_MODULES = YES;
				CLANG_ENABLE_OBJC_ARC = YES;
				CLANG_ENABLE_OBJC_WEAK = YES;
				CLANG_WARN_BLOCK_CAPTURE_AUTORELEASING = YES;
				CLANG_WARN_BOOL_CONVERSION = YES;
				CLANG_WARN_COMMA = YES;
				CLANG_WARN_CONSTANT_CONVERSION = YES;
				CLANG_WARN_DEPRECATED_OBJC_IMPLEMENTATIONS = YES;
				CLANG_WARN_DIRECT_OBJC_ISA_USAGE = YES_ERROR;
				CLANG_WARN_DOCUMENTATION_COMMENTS = YES;
				CLANG_WARN_EMPTY_BODY = YES;
				CLANG_WARN_ENUM_CONVERSION = YES;
				CLANG_WARN_INFINITE_RECURSION = YES;
				CLANG_WARN_INT_CONVERSION = YES;
				CLANG_WARN_NON_LITERAL_NULL_CONVERSION = YES;
				CLANG_WARN_OBJC_IMPLICIT_RETAIN_SELF = YES;
				CLANG_WARN_OBJC_LITERAL_CONVERSION = YES;
				CLANG_WARN_OBJC_ROOT_CLASS = YES_ERROR;
				CLANG_WARN_QUOTED_INCLUDE_IN_FRAMEWORK_HEADER = YES;
				CLANG_WARN_RANGE_LOOP_ANALYSIS = YES;
				CLANG_WARN_STRICT_PROTOTYPES = YES;
				CLANG_WARN_SUSPICIOUS_MOVE = YES;
				CLANG_WARN_UNGUARDED_AVAILABILITY = YES_AGGRESSIVE;
				CLANG_WARN_UNREACHABLE_CODE = YES;
				CLANG_WARN__DUPLICATE_METHOD_MATCH = YES;
				COPY_PHASE_STRIP = NO;
				DEBUG_INFORMATION_FORMAT = dwarf;
				DEVELOPMENT_TEAM = 8UVS37CH8W;
				ENABLE_STRICT_OBJC_MSGSEND = YES;
				ENABLE_TESTABILITY = YES;
				ENABLE_USER_SCRIPT_SANDBOXING = YES;
				GCC_C_LANGUAGE_STANDARD = gnu17;
				GCC_DYNAMIC_NO_PIC = NO;
				GCC_NO_COMMON_BLOCKS = YES;
				GCC_OPTIMIZATION_LEVEL = 0;
				GCC_PREPROCESSOR_DEFINITIONS = (
					"DEBUG=1",
					"$(inherited)",
				);
				GCC_WARN_64_TO_32_BIT_CONVERSION = YES;
				GCC_WARN_ABOUT_RETURN_TYPE = YES_ERROR;
				GCC_WARN_UNDECLARED_SELECTOR = YES;
				GCC_WARN_UNINITIALIZED_AUTOS = YES_AGGRESSIVE;
				GCC_WARN_UNUSED_FUNCTION = YES;
				GCC_WARN_UNUSED_VARIABLE = YES;
				IPHONEOS_DEPLOYMENT_TARGET = 26.2;
				LOCALIZATION_PREFERS_STRING_CATALOGS = YES;
				MTL_ENABLE_DEBUG_INFO = INCLUDE_SOURCE;
				MTL_FAST_MATH = YES;
				ONLY_ACTIVE_ARCH = YES;
				SDKROOT = iphoneos;
				SWIFT_ACTIVE_COMPILATION_CONDITIONS = "DEBUG $(inherited)";
				SWIFT_OPTIMIZATION_LEVEL = "-Onone";
			};
			name = Debug;
		};
		69D399C52F22B9CE004A8F6D /* Release */ = {
			isa = XCBuildConfiguration;
			buildSettings = {
				ALWAYS_SEARCH_USER_PATHS = NO;
				ASSETCATALOG_COMPILER_GENERATE_SWIFT_ASSET_SYMBOL_EXTENSIONS = YES;
				CLANG_ANALYZER_NONNULL = YES;
				CLANG_ANALYZER_NUMBER_OBJECT_CONVERSION = YES_AGGRESSIVE;
				CLANG_CXX_LANGUAGE_STANDARD = "gnu++20";
				CLANG_ENABLE_MODULES = YES;
				CLANG_ENABLE_OBJC_ARC = YES;
				CLANG_ENABLE_OBJC_WEAK = YES;
				CLANG_WARN_BLOCK_CAPTURE_AUTORELEASING = YES;
				CLANG_WARN_BOOL_CONVERSION = YES;
				CLANG_WARN_COMMA = YES;
				CLANG_WARN_CONSTANT_CONVERSION = YES;
				CLANG_WARN_DEPRECATED_OBJC_IMPLEMENTATIONS = YES;
				CLANG_WARN_DIRECT_OBJC_ISA_USAGE = YES_ERROR;
				CLANG_WARN_DOCUMENTATION_COMMENTS = YES;
				CLANG_WARN_EMPTY_BODY = YES;
				CLANG_WARN_ENUM_CONVERSION = YES;
				CLANG_WARN_INFINITE_RECURSION = YES;
				CLANG_WARN_INT_CONVERSION = YES;
				CLANG_WARN_NON_LITERAL_NULL_CONVERSION = YES;
				CLANG_WARN_OBJC_IMPLICIT_RETAIN_SELF = YES;
				CLANG_WARN_OBJC_LITERAL_CONVERSION = YES;
				CLANG_WARN_OBJC_ROOT_CLASS = YES_ERROR;
				CLANG_WARN_QUOTED_INCLUDE_IN_FRAMEWORK_HEADER = YES;
				CLANG_WARN_RANGE_LOOP_ANALYSIS = YES;
				CLANG_WARN_STRICT_PROTOTYPES = YES;
				CLANG_WARN_SUSPICIOUS_MOVE = YES;
				CLANG_WARN_UNGUARDED_AVAILABILITY = YES_AGGRESSIVE;
				CLANG_WARN_UNREACHABLE_CODE = YES;
				CLANG_WARN__DUPLICATE_METHOD_MATCH = YES;
				COPY_PHASE_STRIP = NO;
				DEBUG_INFORMATION_FORMAT = "dwarf-with-dsym";
				DEVELOPMENT_TEAM = 8UVS37CH8W;
				ENABLE_NS_ASSERTIONS = NO;
				ENABLE_STRICT_OBJC_MSGSEND = YES;
				ENABLE_USER_SCRIPT_SANDBOXING = YES;
				GCC_C_LANGUAGE_STANDARD = gnu17;
				GCC_NO_COMMON_BLOCKS = YES;
				GCC_WARN_64_TO_32_BIT_CONVERSION = YES;
				GCC_WARN_ABOUT_RETURN_TYPE = YES_ERROR;
				GCC_WARN_UNDECLARED_SELECTOR = YES;
				GCC_WARN_UNINITIALIZED_AUTOS = YES_AGGRESSIVE;
				GCC_WARN_UNUSED_FUNCTION = YES;
				GCC_WARN_UNUSED_VARIABLE = YES;
				IPHONEOS_DEPLOYMENT_TARGET = 26.2;
				LOCALIZATION_PREFERS_STRING_CATALOGS = YES;
				MTL_ENABLE_DEBUG_INFO = NO;
				MTL_FAST_MATH = YES;
				SDKROOT = iphoneos;
				SWIFT_COMPILATION_MODE = wholemodule;
				VALIDATE_PRODUCT = YES;
			};
			name = Release;
		};
		69D399C72F22B9CE004A8F6D /* Debug */ = {
			isa = XCBuildConfiguration;
			buildSettings = {
				ASSETCATALOG_COMPILER_APPICON_NAME = AppIcon;
				ASSETCATALOG_COMPILER_GLOBAL_ACCENT_COLOR_NAME = AccentColor;
				CODE_SIGN_STYLE = Automatic;
				CURRENT_PROJECT_VERSION = 1;
				DEVELOPMENT_TEAM = 8UVS37CH8W;
				ENABLE_PREVIEWS = YES;
				GENERATE_INFOPLIST_FILE = YES;
				INFOPLIST_KEY_UIApplicationSceneManifest_Generation = YES;
				INFOPLIST_KEY_UIApplicationSupportsIndirectInputEvents = YES;
				INFOPLIST_KEY_UILaunchScreen_Generation = YES;
				INFOPLIST_KEY_UISupportedInterfaceOrientations_iPad = "UIInterfaceOrientationPortrait UIInterfaceOrientationPortraitUpsideDown UIInterfaceOrientationLandscapeLeft UIInterfaceOrientationLandscapeRight";
				INFOPLIST_KEY_UISupportedInterfaceOrientations_iPhone = "UIInterfaceOrientationPortrait UIInterfaceOrientationLandscapeLeft UIInterfaceOrientationLandscapeRight";
				LD_RUNPATH_SEARCH_PATHS = (
					"$(inherited)",
					"@executable_path/Frameworks",
				);
				MARKETING_VERSION = 1.0;
				PRODUCT_BUNDLE_IDENTIFIER = com.gingermcninja.StarWarsMVVM;
				PRODUCT_NAME = "$(TARGET_NAME)";
				STRING_CATALOG_GENERATE_SYMBOLS = YES;
				SWIFT_APPROACHABLE_CONCURRENCY = YES;
				SWIFT_DEFAULT_ACTOR_ISOLATION = MainActor;
				SWIFT_EMIT_LOC_STRINGS = YES;
				SWIFT_UPCOMING_FEATURE_MEMBER_IMPORT_VISIBILITY = YES;
				SWIFT_VERSION = 5.0;
				TARGETED_DEVICE_FAMILY = "1,2";
			};
			name = Debug;
		};
		69D399C82F22B9CE004A8F6D /* Release */ = {
			isa = XCBuildConfiguration;
			buildSettings = {
				ASSETCATALOG_COMPILER_APPICON_NAME = AppIcon;
				ASSETCATALOG_COMPILER_GLOBAL_ACCENT_COLOR_NAME = AccentColor;
				CODE_SIGN_STYLE = Automatic;
				CURRENT_PROJECT_VERSION = 1;
				DEVELOPMENT_TEAM = 8UVS37CH8W;
				ENABLE_PREVIEWS = YES;
				GENERATE_INFOPLIST_FILE = YES;
				INFOPLIST_KEY_UIApplicationSceneManifest_Generation = YES;
				INFOPLIST_KEY_UIApplicationSupportsIndirectInputEvents = YES;
				INFOPLIST_KEY_UILaunchScreen_Generation = YES;
				INFOPLIST_KEY_UISupportedInterfaceOrientations_iPad = "UIInterfaceOrientationPortrait UIInterfaceOrientationPortraitUpsideDown UIInterfaceOrientationLandscapeLeft UIInterfaceOrientationLandscapeRight";
				INFOPLIST_KEY_UISupportedInterfaceOrientations_iPhone = "UIInterfaceOrientationPortrait UIInterfaceOrientationLandscapeLeft UIInterfaceOrientationLandscapeRight";
				LD_RUNPATH_SEARCH_PATHS = (
					"$(inherited)",
					"@executable_path/Frameworks",
				);
				MARKETING_VERSION = 1.0;
				PRODUCT_BUNDLE_IDENTIFIER = com.gingermcninja.StarWarsMVVM;
				PRODUCT_NAME = "$(TARGET_NAME)";
				STRING_CATALOG_GENERATE_SYMBOLS = YES;
				SWIFT_APPROACHABLE_CONCURRENCY = YES;
				SWIFT_DEFAULT_ACTOR_ISOLATION = MainActor;
				SWIFT_EMIT_LOC_STRINGS = YES;
				SWIFT_UPCOMING_FEATURE_MEMBER_IMPORT_VISIBILITY = YES;
				SWIFT_VERSION = 5.0;
				TARGETED_DEVICE_FAMILY = "1,2";
			};
			name = Release;
		};
		69D399CA2F22B9CE004A8F6D /* Debug */ = {
			isa = XCBuildConfiguration;
			buildSettings = {
				BUNDLE_LOADER = "$(TEST_HOST)";
				CODE_SIGN_STYLE = Automatic;
				CURRENT_PROJECT_VERSION = 1;
				DEVELOPMENT_TEAM = 8UVS37CH8W;
				GENERATE_INFOPLIST_FILE = YES;
				IPHONEOS_DEPLOYMENT_TARGET = 26.2;
				MARKETING_VERSION = 1.0;
				PRODUCT_BUNDLE_IDENTIFIER = com.gingermcninja.StarWarsMVVMTests;
				PRODUCT_NAME = "$(TARGET_NAME)";
				STRING_CATALOG_GENERATE_SYMBOLS = NO;
				SWIFT_APPROACHABLE_CONCURRENCY = YES;
				SWIFT_EMIT_LOC_STRINGS = NO;
				SWIFT_UPCOMING_FEATURE_MEMBER_IMPORT_VISIBILITY = YES;
				SWIFT_VERSION = 5.0;
				TARGETED_DEVICE_FAMILY = "1,2";
				TEST_HOST = "$(BUILT_PRODUCTS_DIR)/StarWarsMVVM.app/$(BUNDLE_EXECUTABLE_FOLDER_PATH)/StarWarsMVVM";
			};
			name = Debug;
		};
		69D399CB2F22B9CE004A8F6D /* Release */ = {
			isa = XCBuildConfiguration;
			buildSettings = {
				BUNDLE_LOADER = "$(TEST_HOST)";
				CODE_SIGN_STYLE = Automatic;
				CURRENT_PROJECT_VERSION = 1;
				DEVELOPMENT_TEAM = 8UVS37CH8W;
				GENERATE_INFOPLIST_FILE = YES;
				IPHONEOS_DEPLOYMENT_TARGET = 26.2;
				MARKETING_VERSION = 1.0;
				PRODUCT_BUNDLE_IDENTIFIER = com.gingermcninja.StarWarsMVVMTests;
				PRODUCT_NAME = "$(TARGET_NAME)";
				STRING_CATALOG_GENERATE_SYMBOLS = NO;
				SWIFT_APPROACHABLE_CONCURRENCY = YES;
				SWIFT_EMIT_LOC_STRINGS = NO;
				SWIFT_UPCOMING_FEATURE_MEMBER_IMPORT_VISIBILITY = YES;
				SWIFT_VERSION = 5.0;
				TARGETED_DEVICE_FAMILY = "1,2";
				TEST_HOST = "$(BUILT_PRODUCTS_DIR)/StarWarsMVVM.app/$(BUNDLE_EXECUTABLE_FOLDER_PATH)/StarWarsMVVM";
			};
			name = Release;
		};
		69D399CD2F22B9CE004A8F6D /* Debug */ = {
			isa = XCBuildConfiguration;
			buildSettings = {
				CODE_SIGN_STYLE = Automatic;
				CURRENT_PROJECT_VERSION = 1;
				DEVELOPMENT_TEAM = 8UVS37CH8W;
				GENERATE_INFOPLIST_FILE = YES;
				MARKETING_VERSION = 1.0;
				PRODUCT_BUNDLE_IDENTIFIER = com.gingermcninja.StarWarsMVVMUITests;
				PRODUCT_NAME = "$(TARGET_NAME)";
				STRING_CATALOG_GENERATE_SYMBOLS = NO;
				SWIFT_APPROACHABLE_CONCURRENCY = YES;
				SWIFT_EMIT_LOC_STRINGS = NO;
				SWIFT_UPCOMING_FEATURE_MEMBER_IMPORT_VISIBILITY = YES;
				SWIFT_VERSION = 5.0;
				TARGETED_DEVICE_FAMILY = "1,2";
				TEST_TARGET_NAME = StarWarsMVVM;
			};
			name = Debug;
		};
		69D399CE2F22B9CE004A8F6D /* Release */ = {
			isa = XCBuildConfiguration;
			buildSettings = {
				CODE_SIGN_STYLE = Automatic;
				CURRENT_PROJECT_VERSION = 1;
				DEVELOPMENT_TEAM = 8UVS37CH8W;
				GENERATE_INFOPLIST_FILE = YES;
				MARKETING_VERSION = 1.0;
				PRODUCT_BUNDLE_IDENTIFIER = com.gingermcninja.StarWarsMVVMUITests;
				PRODUCT_NAME = "$(TARGET_NAME)";
				STRING_CATALOG_GENERATE_SYMBOLS = NO;
				SWIFT_APPROACHABLE_CONCURRENCY = YES;
				SWIFT_EMIT_LOC_STRINGS = NO;
				SWIFT_UPCOMING_FEATURE_MEMBER_IMPORT_VISIBILITY = YES;
				SWIFT_VERSION = 5.0;
				TARGETED_DEVICE_FAMILY = "1,2";
				TEST_TARGET_NAME = StarWarsMVVM;
			};
			name = Release;
		};
/* End XCBuildConfiguration section */

/* Begin XCConfigurationList section */
		69D399A02F22B9CC004A8F6D /* Build configuration list for PBXProject "StarWarsMVVM" */ = {
			isa = XCConfigurationList;
			buildConfigurations = (
				69D399C42F22B9CE004A8F6D /* Debug */,
				69D399C52F22B9CE004A8F6D /* Release */,
			);
			defaultConfigurationIsVisible = 0;
			defaultConfigurationName = Release;
		};
		69D399C62F22B9CE004A8F6D /* Build configuration list for PBXNativeTarget "StarWarsMVVM" */ = {
			isa = XCConfigurationList;
			buildConfigurations = (
				69D399C72F22B9CE004A8F6D /* Debug */,
				69D399C82F22B9CE004A8F6D /* Release */,
			);
			defaultConfigurationIsVisible = 0;
			defaultConfigurationName = Release;
		};
		69D399C92F22B9CE004A8F6D /* Build configuration list for PBXNativeTarget "StarWarsMVVMTests" */ = {
			isa = XCConfigurationList;
			buildConfigurations = (
				69D399CA2F22B9CE004A8F6D /* Debug */,
				69D399CB2F22B9CE004A8F6D /* Release */,
			);
			defaultConfigurationIsVisible = 0;
			defaultConfigurationName = Release;
		};
		69D399CC2F22B9CE004A8F6D /* Build configuration list for PBXNativeTarget "StarWarsMVVMUITests" */ = {
			isa = XCConfigurationList;
			buildConfigurations = (
				69D399CD2F22B9CE004A8F6D /* Debug */,
				69D399CE2F22B9CE004A8F6D /* Release */,
			);
			defaultConfigurationIsVisible = 0;
			defaultConfigurationName = Release;
		};
/* End XCConfigurationList section */
	};
	rootObject = 69D3999D2F22B9CC004A8F6D /* Project object */;
}
